// !$*UTF8*$!
{
	archiveVersion = 1;
	classes = {
	};
	objectVersion = 46;
	objects = {

/* Begin PBXBuildFile section */
		E917A0CD1E9ED22100579A0C /* AppDelegate.swift in Sources */ = {isa = PBXBuildFile; fileRef = E917A0CC1E9ED22100579A0C /* AppDelegate.swift */; };
		E917A0D21E9ED22100579A0C /* Main.storyboard in Resources */ = {isa = PBXBuildFile; fileRef = E917A0D01E9ED22100579A0C /* Main.storyboard */; };
		E917A0D41E9ED22100579A0C /* Assets.xcassets in Resources */ = {isa = PBXBuildFile; fileRef = E917A0D31E9ED22100579A0C /* Assets.xcassets */; };
		E917A0D71E9ED22100579A0C /* LaunchScreen.storyboard in Resources */ = {isa = PBXBuildFile; fileRef = E917A0D51E9ED22100579A0C /* LaunchScreen.storyboard */; };
		E92BF7391E9ED3420055AE49 /* LoginViewController.swift in Sources */ = {isa = PBXBuildFile; fileRef = E92BF7381E9ED3420055AE49 /* LoginViewController.swift */; };
		E92BF73C1E9ED3560055AE49 /* ApiKey.swift in Sources */ = {isa = PBXBuildFile; fileRef = E92BF73B1E9ED3560055AE49 /* ApiKey.swift */; };
		E92BF73E1E9ED3620055AE49 /* TwitterClient.swift in Sources */ = {isa = PBXBuildFile; fileRef = E92BF73D1E9ED3620055AE49 /* TwitterClient.swift */; };
		E92BF7401E9ED49C0055AE49 /* Podfile.lock in Resources */ = {isa = PBXBuildFile; fileRef = E92BF73F1E9ED49C0055AE49 /* Podfile.lock */; };
		E9425ED11EA07DB9008CE018 /* TimelineViewController.swift in Sources */ = {isa = PBXBuildFile; fileRef = E9425ED01EA07DB9008CE018 /* TimelineViewController.swift */; };
		E9425ED41EA07E83008CE018 /* TweetCell.swift in Sources */ = {isa = PBXBuildFile; fileRef = E9425ED31EA07E83008CE018 /* TweetCell.swift */; };
		E9A093F41EA2B715009F3F6A /* ComposeViewController.swift in Sources */ = {isa = PBXBuildFile; fileRef = E9A093F31EA2B715009F3F6A /* ComposeViewController.swift */; };
		E9ABA0D71EA2E08D00901849 /* TweetViewController.swift in Sources */ = {isa = PBXBuildFile; fileRef = E9ABA0D61EA2E08D00901849 /* TweetViewController.swift */; };
		E9ABA0DA1EA3308900901849 /* SimpleTwitterClient.gif in Resources */ = {isa = PBXBuildFile; fileRef = E9ABA0D81EA3300900901849 /* SimpleTwitterClient.gif */; };
		E9D19D7C1E9F0C4A00FBF503 /* User.swift in Sources */ = {isa = PBXBuildFile; fileRef = E9D19D7B1E9F0C4A00FBF503 /* User.swift */; };
		E9D19D7E1E9F0C5000FBF503 /* Tweet.swift in Sources */ = {isa = PBXBuildFile; fileRef = E9D19D7D1E9F0C5000FBF503 /* Tweet.swift */; };
		E9F697261EAA97890055FECF /* HamburgerViewController.swift in Sources */ = {isa = PBXBuildFile; fileRef = E9F697251EAA97890055FECF /* HamburgerViewController.swift */; };
		E9F697281EAA9D620055FECF /* MenuViewController.swift in Sources */ = {isa = PBXBuildFile; fileRef = E9F697271EAA9D620055FECF /* MenuViewController.swift */; };
		E9F6972A1EAAB3ED0055FECF /* ProfileViewController.swift in Sources */ = {isa = PBXBuildFile; fileRef = E9F697291EAAB3ED0055FECF /* ProfileViewController.swift */; };
		E9F6972C1EAAB4340055FECF /* MentionsViewController.swift in Sources */ = {isa = PBXBuildFile; fileRef = E9F6972B1EAAB4340055FECF /* MentionsViewController.swift */; };
		EEB8D252E56DCC163E82E758 /* Pods_SimpleTwitterClient.framework in Frameworks */ = {isa = PBXBuildFile; fileRef = C39A2B3AF902189D8D2B4331 /* Pods_SimpleTwitterClient.framework */; };
/* End PBXBuildFile section */

/* Begin PBXFileReference section */
		C39A2B3AF902189D8D2B4331 /* Pods_SimpleTwitterClient.framework */ = {isa = PBXFileReference; explicitFileType = wrapper.framework; includeInIndex = 0; path = Pods_SimpleTwitterClient.framework; sourceTree = BUILT_PRODUCTS_DIR; };
		CF6012F061AF549238B452C7 /* Pods-SimpleTwitterClient.debug.xcconfig */ = {isa = PBXFileReference; includeInIndex = 1; lastKnownFileType = text.xcconfig; name = "Pods-SimpleTwitterClient.debug.xcconfig"; path = "Pods/Target Support Files/Pods-SimpleTwitterClient/Pods-SimpleTwitterClient.debug.xcconfig"; sourceTree = "<group>"; };
		DB67D84D0AD8DAC71CC65CE1 /* Pods-SimpleTwitterClient.release.xcconfig */ = {isa = PBXFileReference; includeInIndex = 1; lastKnownFileType = text.xcconfig; name = "Pods-SimpleTwitterClient.release.xcconfig"; path = "Pods/Target Support Files/Pods-SimpleTwitterClient/Pods-SimpleTwitterClient.release.xcconfig"; sourceTree = "<group>"; };
		E917A0C91E9ED22100579A0C /* SimpleTwitterClient.app */ = {isa = PBXFileReference; explicitFileType = wrapper.application; includeInIndex = 0; path = SimpleTwitterClient.app; sourceTree = BUILT_PRODUCTS_DIR; };
		E917A0CC1E9ED22100579A0C /* AppDelegate.swift */ = {isa = PBXFileReference; lastKnownFileType = sourcecode.swift; path = AppDelegate.swift; sourceTree = "<group>"; };
		E917A0D11E9ED22100579A0C /* Base */ = {isa = PBXFileReference; lastKnownFileType = file.storyboard; name = Base; path = Base.lproj/Main.storyboard; sourceTree = "<group>"; };
		E917A0D31E9ED22100579A0C /* Assets.xcassets */ = {isa = PBXFileReference; lastKnownFileType = folder.assetcatalog; path = Assets.xcassets; sourceTree = "<group>"; };
		E917A0D61E9ED22100579A0C /* Base */ = {isa = PBXFileReference; lastKnownFileType = file.storyboard; name = Base; path = Base.lproj/LaunchScreen.storyboard; sourceTree = "<group>"; };
		E917A0D81E9ED22100579A0C /* Info.plist */ = {isa = PBXFileReference; lastKnownFileType = text.plist.xml; path = Info.plist; sourceTree = "<group>"; };
		E92BF7381E9ED3420055AE49 /* LoginViewController.swift */ = {isa = PBXFileReference; fileEncoding = 4; lastKnownFileType = sourcecode.swift; path = LoginViewController.swift; sourceTree = "<group>"; };
		E92BF73B1E9ED3560055AE49 /* ApiKey.swift */ = {isa = PBXFileReference; fileEncoding = 4; lastKnownFileType = sourcecode.swift; path = ApiKey.swift; sourceTree = "<group>"; };
		E92BF73D1E9ED3620055AE49 /* TwitterClient.swift */ = {isa = PBXFileReference; fileEncoding = 4; lastKnownFileType = sourcecode.swift; path = TwitterClient.swift; sourceTree = "<group>"; };
		E92BF73F1E9ED49C0055AE49 /* Podfile.lock */ = {isa = PBXFileReference; fileEncoding = 4; lastKnownFileType = text; path = Podfile.lock; sourceTree = "<group>"; };
		E92BF7411E9ED4B00055AE49 /* README.md */ = {isa = PBXFileReference; fileEncoding = 4; lastKnownFileType = net.daringfireball.markdown; path = README.md; sourceTree = "<group>"; };
		E9425ED01EA07DB9008CE018 /* TimelineViewController.swift */ = {isa = PBXFileReference; fileEncoding = 4; lastKnownFileType = sourcecode.swift; path = TimelineViewController.swift; sourceTree = "<group>"; };
		E9425ED31EA07E83008CE018 /* TweetCell.swift */ = {isa = PBXFileReference; fileEncoding = 4; lastKnownFileType = sourcecode.swift; path = TweetCell.swift; sourceTree = "<group>"; };
		E9A093F31EA2B715009F3F6A /* ComposeViewController.swift */ = {isa = PBXFileReference; fileEncoding = 4; lastKnownFileType = sourcecode.swift; path = ComposeViewController.swift; sourceTree = "<group>"; };
		E9ABA0D61EA2E08D00901849 /* TweetViewController.swift */ = {isa = PBXFileReference; fileEncoding = 4; lastKnownFileType = sourcecode.swift; path = TweetViewController.swift; sourceTree = "<group>"; };
		E9ABA0D81EA3300900901849 /* SimpleTwitterClient.gif */ = {isa = PBXFileReference; lastKnownFileType = image.gif; path = SimpleTwitterClient.gif; sourceTree = "<group>"; };
		E9D19D7B1E9F0C4A00FBF503 /* User.swift */ = {isa = PBXFileReference; fileEncoding = 4; lastKnownFileType = sourcecode.swift; path = User.swift; sourceTree = "<group>"; };
		E9D19D7D1E9F0C5000FBF503 /* Tweet.swift */ = {isa = PBXFileReference; fileEncoding = 4; lastKnownFileType = sourcecode.swift; path = Tweet.swift; sourceTree = "<group>"; };
		E9F697251EAA97890055FECF /* HamburgerViewController.swift */ = {isa = PBXFileReference; fileEncoding = 4; lastKnownFileType = sourcecode.swift; path = HamburgerViewController.swift; sourceTree = "<group>"; };
		E9F697271EAA9D620055FECF /* MenuViewController.swift */ = {isa = PBXFileReference; fileEncoding = 4; lastKnownFileType = sourcecode.swift; path = MenuViewController.swift; sourceTree = "<group>"; };
		E9F697291EAAB3ED0055FECF /* ProfileViewController.swift */ = {isa = PBXFileReference; fileEncoding = 4; lastKnownFileType = sourcecode.swift; path = ProfileViewController.swift; sourceTree = "<group>"; };
		E9F6972B1EAAB4340055FECF /* MentionsViewController.swift */ = {isa = PBXFileReference; fileEncoding = 4; lastKnownFileType = sourcecode.swift; path = MentionsViewController.swift; sourceTree = "<group>"; };
/* End PBXFileReference section */

/* Begin PBXFrameworksBuildPhase section */
		E917A0C61E9ED22100579A0C /* Frameworks */ = {
			isa = PBXFrameworksBuildPhase;
			buildActionMask = 2147483647;
			files = (
				EEB8D252E56DCC163E82E758 /* Pods_SimpleTwitterClient.framework in Frameworks */,
			);
			runOnlyForDeploymentPostprocessing = 0;
		};
/* End PBXFrameworksBuildPhase section */

/* Begin PBXGroup section */
		281B14B585E8C811C2825BD2 /* Frameworks */ = {
			isa = PBXGroup;
			children = (
				C39A2B3AF902189D8D2B4331 /* Pods_SimpleTwitterClient.framework */,
			);
			name = Frameworks;
			sourceTree = "<group>";
		};
		93FE7E448C856EA6F86C6226 /* Pods */ = {
			isa = PBXGroup;
			children = (
				CF6012F061AF549238B452C7 /* Pods-SimpleTwitterClient.debug.xcconfig */,
				DB67D84D0AD8DAC71CC65CE1 /* Pods-SimpleTwitterClient.release.xcconfig */,
			);
			name = Pods;
			sourceTree = "<group>";
		};
		E917A0C01E9ED22100579A0C = {
			isa = PBXGroup;
			children = (
				E92BF73F1E9ED49C0055AE49 /* Podfile.lock */,
				E92BF7411E9ED4B00055AE49 /* README.md */,
				E9ABA0D81EA3300900901849 /* SimpleTwitterClient.gif */,
				E917A0CB1E9ED22100579A0C /* SimpleTwitterClient */,
				E917A0CA1E9ED22100579A0C /* Products */,
				93FE7E448C856EA6F86C6226 /* Pods */,
				281B14B585E8C811C2825BD2 /* Frameworks */,
			);
			sourceTree = "<group>";
		};
		E917A0CA1E9ED22100579A0C /* Products */ = {
			isa = PBXGroup;
			children = (
				E917A0C91E9ED22100579A0C /* SimpleTwitterClient.app */,
			);
			name = Products;
			sourceTree = "<group>";
		};
		E917A0CB1E9ED22100579A0C /* SimpleTwitterClient */ = {
			isa = PBXGroup;
			children = (
				E92BF73A1E9ED3490055AE49 /* API */,
				E9D19D7A1E9F0C2500FBF503 /* Models */,
				E9425ED51EA07E86008CE018 /* Views */,
				E9425ED21EA07DBE008CE018 /* View Controllers */,
				E917A0CC1E9ED22100579A0C /* AppDelegate.swift */,
				E917A0D01E9ED22100579A0C /* Main.storyboard */,
				E917A0D31E9ED22100579A0C /* Assets.xcassets */,
				E917A0D51E9ED22100579A0C /* LaunchScreen.storyboard */,
				E917A0D81E9ED22100579A0C /* Info.plist */,
			);
			path = SimpleTwitterClient;
			sourceTree = "<group>";
		};
		E92BF73A1E9ED3490055AE49 /* API */ = {
			isa = PBXGroup;
			children = (
				E92BF73B1E9ED3560055AE49 /* ApiKey.swift */,
				E92BF73D1E9ED3620055AE49 /* TwitterClient.swift */,
			);
			name = API;
			sourceTree = "<group>";
		};
		E9425ED21EA07DBE008CE018 /* View Controllers */ = {
			isa = PBXGroup;
			children = (
				E92BF7381E9ED3420055AE49 /* LoginViewController.swift */,
				E9F697251EAA97890055FECF /* HamburgerViewController.swift */,
				E9F697271EAA9D620055FECF /* MenuViewController.swift */,
				E9F697291EAAB3ED0055FECF /* ProfileViewController.swift */,
				E9425ED01EA07DB9008CE018 /* TimelineViewController.swift */,
				E9ABA0D61EA2E08D00901849 /* TweetViewController.swift */,
				E9F6972B1EAAB4340055FECF /* MentionsViewController.swift */,
				E9A093F31EA2B715009F3F6A /* ComposeViewController.swift */,
			);
			name = "View Controllers";
			sourceTree = "<group>";
		};
		E9425ED51EA07E86008CE018 /* Views */ = {
			isa = PBXGroup;
			children = (
				E9425ED31EA07E83008CE018 /* TweetCell.swift */,
			);
			name = Views;
			sourceTree = "<group>";
		};
		E9D19D7A1E9F0C2500FBF503 /* Models */ = {
			isa = PBXGroup;
			children = (
				E9D19D7B1E9F0C4A00FBF503 /* User.swift */,
				E9D19D7D1E9F0C5000FBF503 /* Tweet.swift */,
			);
			name = Models;
			sourceTree = "<group>";
		};
/* End PBXGroup section */

/* Begin PBXNativeTarget section */
		E917A0C81E9ED22100579A0C /* SimpleTwitterClient */ = {
			isa = PBXNativeTarget;
			buildConfigurationList = E917A0DB1E9ED22100579A0C /* Build configuration list for PBXNativeTarget "SimpleTwitterClient" */;
			buildPhases = (
				219EE6B7CC25FDA9B87777CD /* [CP] Check Pods Manifest.lock */,
				E917A0C51E9ED22100579A0C /* Sources */,
				E917A0C61E9ED22100579A0C /* Frameworks */,
				E917A0C71E9ED22100579A0C /* Resources */,
				61EEA01E17B11D78D7FF8D5A /* [CP] Embed Pods Frameworks */,
				A8A3223B3556B1AEFBF29FD4 /* [CP] Copy Pods Resources */,
			);
			buildRules = (
			);
			dependencies = (
			);
			name = SimpleTwitterClient;
			productName = SimpleTwitterClient;
			productReference = E917A0C91E9ED22100579A0C /* SimpleTwitterClient.app */;
			productType = "com.apple.product-type.application";
		};
/* End PBXNativeTarget section */

/* Begin PBXProject section */
		E917A0C11E9ED22100579A0C /* Project object */ = {
			isa = PBXProject;
			attributes = {
				LastSwiftUpdateCheck = 0830;
				LastUpgradeCheck = 0830;
				ORGANIZATIONNAME = "DevFountain LLC";
				TargetAttributes = {
					E917A0C81E9ED22100579A0C = {
						CreatedOnToolsVersion = 8.3.1;
						ProvisioningStyle = Automatic;
					};
				};
			};
			buildConfigurationList = E917A0C41E9ED22100579A0C /* Build configuration list for PBXProject "SimpleTwitterClient" */;
			compatibilityVersion = "Xcode 3.2";
			developmentRegion = English;
			hasScannedForEncodings = 0;
			knownRegions = (
				en,
				Base,
			);
			mainGroup = E917A0C01E9ED22100579A0C;
			productRefGroup = E917A0CA1E9ED22100579A0C /* Products */;
			projectDirPath = "";
			projectRoot = "";
			targets = (
				E917A0C81E9ED22100579A0C /* SimpleTwitterClient */,
			);
		};
/* End PBXProject section */

/* Begin PBXResourcesBuildPhase section */
		E917A0C71E9ED22100579A0C /* Resources */ = {
			isa = PBXResourcesBuildPhase;
			buildActionMask = 2147483647;
			files = (
				E917A0D71E9ED22100579A0C /* LaunchScreen.storyboard in Resources */,
				E9ABA0DA1EA3308900901849 /* SimpleTwitterClient.gif in Resources */,
				E917A0D41E9ED22100579A0C /* Assets.xcassets in Resources */,
				E92BF7401E9ED49C0055AE49 /* Podfile.lock in Resources */,
				E917A0D21E9ED22100579A0C /* Main.storyboard in Resources */,
			);
			runOnlyForDeploymentPostprocessing = 0;
		};
/* End PBXResourcesBuildPhase section */

/* Begin PBXShellScriptBuildPhase section */
		219EE6B7CC25FDA9B87777CD /* [CP] Check Pods Manifest.lock */ = {
			isa = PBXShellScriptBuildPhase;
			buildActionMask = 2147483647;
			files = (
			);
			inputPaths = (
			);
			name = "[CP] Check Pods Manifest.lock";
			outputPaths = (
			);
			runOnlyForDeploymentPostprocessing = 0;
			shellPath = /bin/sh;
			shellScript = "diff \"${PODS_ROOT}/../Podfile.lock\" \"${PODS_ROOT}/Manifest.lock\" > /dev/null\nif [ $? != 0 ] ; then\n    # print error to STDERR\n    echo \"error: The sandbox is not in sync with the Podfile.lock. Run 'pod install' or update your CocoaPods installation.\" >&2\n    exit 1\nfi\n";
			showEnvVarsInLog = 0;
		};
		61EEA01E17B11D78D7FF8D5A /* [CP] Embed Pods Frameworks */ = {
			isa = PBXShellScriptBuildPhase;
			buildActionMask = 2147483647;
			files = (
			);
			inputPaths = (
			);
			name = "[CP] Embed Pods Frameworks";
			outputPaths = (
			);
			runOnlyForDeploymentPostprocessing = 0;
			shellPath = /bin/sh;
			shellScript = "\"${SRCROOT}/Pods/Target Support Files/Pods-SimpleTwitterClient/Pods-SimpleTwitterClient-frameworks.sh\"\n";
			showEnvVarsInLog = 0;
		};
		A8A3223B3556B1AEFBF29FD4 /* [CP] Copy Pods Resources */ = {
			isa = PBXShellScriptBuildPhase;
			buildActionMask = 2147483647;
			files = (
			);
			inputPaths = (
			);
			name = "[CP] Copy Pods Resources";
			outputPaths = (
			);
			runOnlyForDeploymentPostprocessing = 0;
			shellPath = /bin/sh;
			shellScript = "\"${SRCROOT}/Pods/Target Support Files/Pods-SimpleTwitterClient/Pods-SimpleTwitterClient-resources.sh\"\n";
			showEnvVarsInLog = 0;
		};
/* End PBXShellScriptBuildPhase section */

/* Begin PBXSourcesBuildPhase section */
		E917A0C51E9ED22100579A0C /* Sources */ = {
			isa = PBXSourcesBuildPhase;
			buildActionMask = 2147483647;
			files = (
				E9A093F41EA2B715009F3F6A /* ComposeViewController.swift in Sources */,
				E92BF73E1E9ED3620055AE49 /* TwitterClient.swift in Sources */,
				E9ABA0D71EA2E08D00901849 /* TweetViewController.swift in Sources */,
				E92BF7391E9ED3420055AE49 /* LoginViewController.swift in Sources */,
				E92BF73C1E9ED3560055AE49 /* ApiKey.swift in Sources */,
				E9F6972C1EAAB4340055FECF /* MentionsViewController.swift in Sources */,
				E9425ED41EA07E83008CE018 /* TweetCell.swift in Sources */,
				E9D19D7E1E9F0C5000FBF503 /* Tweet.swift in Sources */,
				E9F697281EAA9D620055FECF /* MenuViewController.swift in Sources */,
				E9425ED11EA07DB9008CE018 /* TimelineViewController.swift in Sources */,
				E9D19D7C1E9F0C4A00FBF503 /* User.swift in Sources */,
				E9F6972A1EAAB3ED0055FECF /* ProfileViewController.swift in Sources */,
				E9F697261EAA97890055FECF /* HamburgerViewController.swift in Sources */,
				E917A0CD1E9ED22100579A0C /* AppDelegate.swift in Sources */,
			);
			runOnlyForDeploymentPostprocessing = 0;
		};
/* End PBXSourcesBuildPhase section */

/* Begin PBXVariantGroup section */
		E917A0D01E9ED22100579A0C /* Main.storyboard */ = {
			isa = PBXVariantGroup;
			children = (
				E917A0D11E9ED22100579A0C /* Base */,
			);
			name = Main.storyboard;
			sourceTree = "<group>";
		};
		E917A0D51E9ED22100579A0C /* LaunchScreen.storyboard */ = {
			isa = PBXVariantGroup;
			children = (
				E917A0D61E9ED22100579A0C /* Base */,
			);
			name = LaunchScreen.storyboard;
			sourceTree = "<group>";
		};
/* End PBXVariantGroup section */

/* Begin XCBuildConfiguration section */
		E917A0D91E9ED22100579A0C /* Debug */ = {
			isa = XCBuildConfiguration;
			buildSettings = {
				ALWAYS_SEARCH_USER_PATHS = NO;
				CLANG_ANALYZER_NONNULL = YES;
				CLANG_ANALYZER_NUMBER_OBJECT_CONVERSION = YES_AGGRESSIVE;
				CLANG_CXX_LANGUAGE_STANDARD = "gnu++0x";
				CLANG_CXX_LIBRARY = "libc++";
				CLANG_ENABLE_MODULES = YES;
				CLANG_ENABLE_OBJC_ARC = YES;
				CLANG_WARN_BOOL_CONVERSION = YES;
				CLANG_WARN_CONSTANT_CONVERSION = YES;
				CLANG_WARN_DIRECT_OBJC_ISA_USAGE = YES_ERROR;
				CLANG_WARN_DOCUMENTATION_COMMENTS = YES;
				CLANG_WARN_EMPTY_BODY = YES;
				CLANG_WARN_ENUM_CONVERSION = YES;
				CLANG_WARN_INFINITE_RECURSION = YES;
				CLANG_WARN_INT_CONVERSION = YES;
				CLANG_WARN_OBJC_ROOT_CLASS = YES_ERROR;
				CLANG_WARN_SUSPICIOUS_MOVE = YES;
				CLANG_WARN_UNREACHABLE_CODE = YES;
				CLANG_WARN__DUPLICATE_METHOD_MATCH = YES;
				"CODE_SIGN_IDENTITY[sdk=iphoneos*]" = "iPhone Developer";
				COPY_PHASE_STRIP = NO;
				DEBUG_INFORMATION_FORMAT = dwarf;
				ENABLE_STRICT_OBJC_MSGSEND = YES;
				ENABLE_TESTABILITY = YES;
				GCC_C_LANGUAGE_STANDARD = gnu99;
				GCC_DYNAMIC_NO_PIC = NO;
				GCC_NO_COMMON_BLOCKS = YES;
				GCC_OPTIMIZATION_LEVEL = 0;
				GCC_PREPROCESSOR_DEFINITIONS = (
					"DEBUG=1",
					"$(inherited)",
				);
				GCC_WARN_64_TO_32_BIT_CONVERSION = YES;
				GCC_WARN_ABOUT_RETURN_TYPE = YES_ERROR;
				GCC_WARN_UNDECLARED_SELECTOR = YES;
				GCC_WARN_UNINITIALIZED_AUTOS = YES_AGGRESSIVE;
				GCC_WARN_UNUSED_FUNCTION = YES;
				GCC_WARN_UNUSED_VARIABLE = YES;
				IPHONEOS_DEPLOYMENT_TARGET = 10.3;
				MTL_ENABLE_DEBUG_INFO = YES;
				ONLY_ACTIVE_ARCH = YES;
				SDKROOT = iphoneos;
				SWIFT_ACTIVE_COMPILATION_CONDITIONS = DEBUG;
				SWIFT_OPTIMIZATION_LEVEL = "-Onone";
			};
			name = Debug;
		};
		E917A0DA1E9ED22100579A0C /* Release */ = {
			isa = XCBuildConfiguration;
			buildSettings = {
				ALWAYS_SEARCH_USER_PATHS = NO;
				CLANG_ANALYZER_NONNULL = YES;
				CLANG_ANALYZER_NUMBER_OBJECT_CONVERSION = YES_AGGRESSIVE;
				CLANG_CXX_LANGUAGE_STANDARD = "gnu++0x";
				CLANG_CXX_LIBRARY = "libc++";
				CLANG_ENABLE_MODULES = YES;
				CLANG_ENABLE_OBJC_ARC = YES;
				CLANG_WARN_BOOL_CONVERSION = YES;
				CLANG_WARN_CONSTANT_CONVERSION = YES;
				CLANG_WARN_DIRECT_OBJC_ISA_USAGE = YES_ERROR;
				CLANG_WARN_DOCUMENTATION_COMMENTS = YES;
				CLANG_WARN_EMPTY_BODY = YES;
				CLANG_WARN_ENUM_CONVERSION = YES;
				CLANG_WARN_INFINITE_RECURSION = YES;
				CLANG_WARN_INT_CONVERSION = YES;
				CLANG_WARN_OBJC_ROOT_CLASS = YES_ERROR;
				CLANG_WARN_SUSPICIOUS_MOVE = YES;
				CLANG_WARN_UNREACHABLE_CODE = YES;
				CLANG_WARN__DUPLICATE_METHOD_MATCH = YES;
				"CODE_SIGN_IDENTITY[sdk=iphoneos*]" = "iPhone Developer";
				COPY_PHASE_STRIP = NO;
				DEBUG_INFORMATION_FORMAT = "dwarf-with-dsym";
				ENABLE_NS_ASSERTIONS = NO;
				ENABLE_STRICT_OBJC_MSGSEND = YES;
				GCC_C_LANGUAGE_STANDARD = gnu99;
				GCC_NO_COMMON_BLOCKS = YES;
				GCC_WARN_64_TO_32_BIT_CONVERSION = YES;
				GCC_WARN_ABOUT_RETURN_TYPE = YES_ERROR;
				GCC_WARN_UNDECLARED_SELECTOR = YES;
				GCC_WARN_UNINITIALIZED_AUTOS = YES_AGGRESSIVE;
				GCC_WARN_UNUSED_FUNCTION = YES;
				GCC_WARN_UNUSED_VARIABLE = YES;
				IPHONEOS_DEPLOYMENT_TARGET = 10.3;
				MTL_ENABLE_DEBUG_INFO = NO;
				SDKROOT = iphoneos;
				SWIFT_OPTIMIZATION_LEVEL = "-Owholemodule";
				VALIDATE_PRODUCT = YES;
			};
			name = Release;
		};
		E917A0DC1E9ED22100579A0C /* Debug */ = {
			isa = XCBuildConfiguration;
			baseConfigurationReference = CF6012F061AF549238B452C7 /* Pods-SimpleTwitterClient.debug.xcconfig */;
			buildSettings = {
				ASSETCATALOG_COMPILER_APPICON_NAME = AppIcon;
				DEVELOPMENT_TEAM = "";
				INFOPLIST_FILE = SimpleTwitterClient/Info.plist;
				LD_RUNPATH_SEARCH_PATHS = "$(inherited) @executable_path/Frameworks";
				PRODUCT_BUNDLE_IDENTIFIER = com.devfountain.SimpleTwitterClient;
				PRODUCT_NAME = "$(TARGET_NAME)";
				SWIFT_VERSION = 3.0;
			};
			name = Debug;
		};
		E917A0DD1E9ED22100579A0C /* Release */ = {
			isa = XCBuildConfiguration;
			baseConfigurationReference = DB67D84D0AD8DAC71CC65CE1 /* Pods-SimpleTwitterClient.release.xcconfig */;
			buildSettings = {
				ASSETCATALOG_COMPILER_APPICON_NAME = AppIcon;
				DEVELOPMENT_TEAM = "";
				INFOPLIST_FILE = SimpleTwitterClient/Info.plist;
				LD_RUNPATH_SEARCH_PATHS = "$(inherited) @executable_path/Frameworks";
				PRODUCT_BUNDLE_IDENTIFIER = com.devfountain.SimpleTwitterClient;
				PRODUCT_NAME = "$(TARGET_NAME)";
				SWIFT_VERSION = 3.0;
			};
			name = Release;
		};
/* End XCBuildConfiguration section */

/* Begin XCConfigurationList section */
		E917A0C41E9ED22100579A0C /* Build configuration list for PBXProject "SimpleTwitterClient" */ = {
			isa = XCConfigurationList;
			buildConfigurations = (
				E917A0D91E9ED22100579A0C /* Debug */,
				E917A0DA1E9ED22100579A0C /* Release */,
			);
			defaultConfigurationIsVisible = 0;
			defaultConfigurationName = Release;
		};
		E917A0DB1E9ED22100579A0C /* Build configuration list for PBXNativeTarget "SimpleTwitterClient" */ = {
			isa = XCConfigurationList;
			buildConfigurations = (
				E917A0DC1E9ED22100579A0C /* Debug */,
				E917A0DD1E9ED22100579A0C /* Release */,
			);
			defaultConfigurationIsVisible = 0;
			defaultConfigurationName = Release;
		};
/* End XCConfigurationList section */
	};
	rootObject = E917A0C11E9ED22100579A0C /* Project object */;
}
